
Microsoft Visual Studio Solution File, Format Version 12.00
# Visual Studio Version 17
VisualStudioVersion = 17.3.32519.111
MinimumVisualStudioVersion = 10.0.40219.1
Project("{FAE04EC0-301F-11D3-BF4B-00C04F79EFBC}") = "NavigationGraph5", "NavigationGraph5.csproj", "{55CE1C83-D294-4CD6-8E97-BAB249AC56BD}"
EndProject
Global
	GlobalSection(SolutionConfigurationPlatforms) = preSolution
		Debug|Any CPU = Debug|Any CPU
		Release|Any CPU = Release|Any CPU
	EndGlobalSection
	GlobalSection(ProjectConfigurationPlatforms) = postSolution
		{55CE1C83-D294-4CD6-8E97-BAB249AC56BD}.Debug|Any CPU.ActiveCfg = Debug|Any CPU
		{55CE1C83-D294-4CD6-8E97-BAB249AC56BD}.Debug|Any CPU.Build.0 = Debug|Any CPU
		{55CE1C83-D294-4CD6-8E97-BAB249AC56BD}.Debug|Any CPU.Deploy.0 = Debug|Any CPU
		{55CE1C83-D294-4CD6-8E97-BAB249AC56BD}.Release|Any CPU.ActiveCfg = Release|Any CPU
		{55CE1C83-D294-4CD6-8E97-BAB249AC56BD}.Release|Any CPU.Build.0 = Release|Any CPU
		{55CE1C83-D294-4CD6-8E97-BAB249AC56BD}.Release|Any CPU.Deploy.0 = Release|Any CPU
	EndGlobalSection
	GlobalSection(SolutionProperties) = preSolution
		HideSolutionNode = FALSE
	EndGlobalSection
	GlobalSection(ExtensibilityGlobals) = postSolution
		SolutionGuid = {D779C6D2-4794-4C10-8D9F-1A52DF2A581F}
	EndGlobalSection
EndGlobal
